
Microsoft Visual Studio Solution File, Format Version 12.00
# Visual Studio 15
VisualStudioVersion = 15.0.28307.1022
MinimumVisualStudioVersion = 10.0.40219.1
Project("{FAE04EC0-301F-11D3-BF4B-00C04F79EFBC}") = "Hive_Kompas", "ORSAPR_Project\Hive_Kompas.csproj", "{1242F8EE-325B-4512-8709-C45B996C8F36}"
EndProject
Project("{FAE04EC0-301F-11D3-BF4B-00C04F79EFBC}") = "Hive_Kompas.UnitTests", "Hive_Kompas.UnitTests\Hive_Kompas.UnitTests.csproj", "{CDA6F662-ABF8-4F7B-BF92-004925C6C892}"
EndProject
Global
	GlobalSection(SolutionConfigurationPlatforms) = preSolution
		Debug|Any CPU = Debug|Any CPU
		Release|Any CPU = Release|Any CPU
	EndGlobalSection
	GlobalSection(ProjectConfigurationPlatforms) = postSolution
		{1242F8EE-325B-4512-8709-C45B996C8F36}.Debug|Any CPU.ActiveCfg = Debug|Any CPU
		{1242F8EE-325B-4512-8709-C45B996C8F36}.Debug|Any CPU.Build.0 = Debug|Any CPU
		{1242F8EE-325B-4512-8709-C45B996C8F36}.Release|Any CPU.ActiveCfg = Release|Any CPU
		{1242F8EE-325B-4512-8709-C45B996C8F36}.Release|Any CPU.Build.0 = Release|Any CPU
		{CDA6F662-ABF8-4F7B-BF92-004925C6C892}.Debug|Any CPU.ActiveCfg = Debug|Any CPU
		{CDA6F662-ABF8-4F7B-BF92-004925C6C892}.Debug|Any CPU.Build.0 = Debug|Any CPU
		{CDA6F662-ABF8-4F7B-BF92-004925C6C892}.Release|Any CPU.ActiveCfg = Release|Any CPU
		{CDA6F662-ABF8-4F7B-BF92-004925C6C892}.Release|Any CPU.Build.0 = Release|Any CPU
	EndGlobalSection
	GlobalSection(SolutionProperties) = preSolution
		HideSolutionNode = FALSE
	EndGlobalSection
	GlobalSection(ExtensibilityGlobals) = postSolution
		SolutionGuid = {8CCA41E6-13AA-4BB6-9B4D-1A73AB485097}
	EndGlobalSection
EndGlobal
